// !$*UTF8*$!
{
	archiveVersion = 1;
	classes = {
	};
	objectVersion = 42;
	objects = {

/* Begin PBXAggregateTarget section */
		362BFEA216E358BE00405F7A /* build.sh */ = {
			isa = PBXAggregateTarget;
			buildConfigurationList = 362BFEB116E358C900405F7A /* Build configuration list for PBXAggregateTarget "build.sh" */;
			buildPhases = (
				362BFEA116E358BE00405F7A /* ShellScript */,
			);
			dependencies = (
			);
			name = build.sh;
			productName = build.sh;
		};
/* End PBXAggregateTarget section */

/* Begin PBXBuildFile section */
		36228CF916EC4C9800BB8932 /* av.cpp in Sources */ = {isa = PBXBuildFile; fileRef = 362BFEB316E3598800405F7A /* av.cpp */; };
/* End PBXBuildFile section */

/* Begin PBXContainerItemProxy section */
		36228DF116EC738100BB8932 /* PBXContainerItemProxy */ = {
			isa = PBXContainerItemProxy;
			containerPortal = 362BFE8116E3586E00405F7A /* Project object */;
			proxyType = 1;
			remoteGlobalIDString = 362BFEA216E358BE00405F7A;
			remoteInfo = build.sh;
		};
/* End PBXContainerItemProxy section */

/* Begin PBXFileReference section */
		3610AA82172F827D002DE83B /* HISTORY */ = {isa = PBXFileReference; fileEncoding = 4; lastKnownFileType = text; path = HISTORY; sourceTree = "<group>"; };
		3610AA83172F827D002DE83B /* lpcap.c */ = {isa = PBXFileReference; fileEncoding = 4; lastKnownFileType = sourcecode.c.c; path = lpcap.c; sourceTree = "<group>"; };
		3610AA84172F827D002DE83B /* lpcap.h */ = {isa = PBXFileReference; fileEncoding = 4; lastKnownFileType = sourcecode.c.h; path = lpcap.h; sourceTree = "<group>"; };
		3610AA85172F827D002DE83B /* lpcode.c */ = {isa = PBXFileReference; fileEncoding = 4; lastKnownFileType = sourcecode.c.c; path = lpcode.c; sourceTree = "<group>"; };
		3610AA86172F827D002DE83B /* lpcode.h */ = {isa = PBXFileReference; fileEncoding = 4; lastKnownFileType = sourcecode.c.h; path = lpcode.h; sourceTree = "<group>"; };
		3610AA87172F827D002DE83B /* lpeg-128.gif */ = {isa = PBXFileReference; lastKnownFileType = image.gif; path = "lpeg-128.gif"; sourceTree = "<group>"; };
		3610AA88172F827D002DE83B /* lpeg.html */ = {isa = PBXFileReference; fileEncoding = 4; lastKnownFileType = text.html; path = lpeg.html; sourceTree = "<group>"; };
		3610AA89172F827D002DE83B /* lpprint.c */ = {isa = PBXFileReference; fileEncoding = 4; lastKnownFileType = sourcecode.c.c; path = lpprint.c; sourceTree = "<group>"; };
		3610AA8A172F827D002DE83B /* lpprint.h */ = {isa = PBXFileReference; fileEncoding = 4; lastKnownFileType = sourcecode.c.h; path = lpprint.h; sourceTree = "<group>"; };
		3610AA8B172F827D002DE83B /* lptree.c */ = {isa = PBXFileReference; fileEncoding = 4; lastKnownFileType = sourcecode.c.c; path = lptree.c; sourceTree = "<group>"; };
		3610AA8C172F827D002DE83B /* lptree.h */ = {isa = PBXFileReference; fileEncoding = 4; lastKnownFileType = sourcecode.c.h; path = lptree.h; sourceTree = "<group>"; };
		3610AA8D172F827D002DE83B /* lptypes.h */ = {isa = PBXFileReference; fileEncoding = 4; lastKnownFileType = sourcecode.c.h; path = lptypes.h; sourceTree = "<group>"; };
		3610AA8E172F827D002DE83B /* lpvm.c */ = {isa = PBXFileReference; fileEncoding = 4; lastKnownFileType = sourcecode.c.c; path = lpvm.c; sourceTree = "<group>"; };
		3610AA8F172F827D002DE83B /* lpvm.h */ = {isa = PBXFileReference; fileEncoding = 4; lastKnownFileType = sourcecode.c.h; path = lpvm.h; sourceTree = "<group>"; };
		3610AA90172F827D002DE83B /* makefile */ = {isa = PBXFileReference; fileEncoding = 4; lastKnownFileType = sourcecode.make; path = makefile; sourceTree = "<group>"; };
		3610AA91172F827D002DE83B /* re.html */ = {isa = PBXFileReference; fileEncoding = 4; lastKnownFileType = text.html; path = re.html; sourceTree = "<group>"; };
		3610AA92172F827D002DE83B /* re.lua */ = {isa = PBXFileReference; fileEncoding = 4; lastKnownFileType = sourcecode.lua; path = re.lua; sourceTree = "<group>"; };
		3610AA93172F827D002DE83B /* test.lua */ = {isa = PBXFileReference; fileEncoding = 4; lastKnownFileType = sourcecode.lua; path = test.lua; sourceTree = "<group>"; };
		3616CAC2170BCF9B0084E438 /* av_audio.cpp */ = {isa = PBXFileReference; fileEncoding = 4; lastKnownFileType = sourcecode.cpp.cpp; path = av_audio.cpp; sourceTree = "<group>"; };
		3616CAC9170BD0E20084E438 /* audio.test.lua */ = {isa = PBXFileReference; fileEncoding = 4; lastKnownFileType = sourcecode.lua; name = audio.test.lua; path = ../audio.test.lua; sourceTree = SOURCE_ROOT; };
		3616CDCB170C3F570084E438 /* msg.lua */ = {isa = PBXFileReference; fileEncoding = 4; lastKnownFileType = sourcecode.lua; path = msg.lua; sourceTree = "<group>"; };
		36228CEF16EC4C6D00BB8932 /* av.app */ = {isa = PBXFileReference; explicitFileType = wrapper.application; includeInIndex = 0; path = av.app; sourceTree = BUILT_PRODUCTS_DIR; };
		36228CF216EC4C6D00BB8932 /* av-Info.plist */ = {isa = PBXFileReference; lastKnownFileType = text.plist.xml; path = "av-Info.plist"; sourceTree = "<group>"; };
		36228D3416EC4F5300BB8932 /* makeluajitosx.sh */ = {isa = PBXFileReference; fileEncoding = 4; lastKnownFileType = text.script.sh; path = makeluajitosx.sh; sourceTree = "<group>"; };
		36228E4916EC769600BB8932 /* build.sh */ = {isa = PBXFileReference; fileEncoding = 4; lastKnownFileType = text.script.sh; path = build.sh; sourceTree = "<group>"; };
		36228E5816EC781300BB8932 /* start.lua */ = {isa = PBXFileReference; fileEncoding = 4; lastKnownFileType = sourcecode.lua; name = start.lua; path = ../start.lua; sourceTree = "<group>"; };
		36228E9316EC7C7000BB8932 /* makefile */ = {isa = PBXFileReference; fileEncoding = 2147484672; lastKnownFileType = sourcecode.make; path = makefile; sourceTree = "<group>"; };
		362290D916EC91B800BB8932 /* main.lua */ = {isa = PBXFileReference; fileEncoding = 4; lastKnownFileType = sourcecode.lua; path = main.lua; sourceTree = "<group>"; };
		3624310F16ED8D7F00C9732C /* draw.lua */ = {isa = PBXFileReference; fileEncoding = 4; lastKnownFileType = sourcecode.lua; name = draw.lua; path = ../draw.lua; sourceTree = SOURCE_ROOT; };
		362BFEB316E3598800405F7A /* av.cpp */ = {isa = PBXFileReference; fileEncoding = 4; lastKnownFileType = sourcecode.cpp.cpp; path = av.cpp; sourceTree = "<group>"; };
		362BFF3C16E3616900405F7A /* av.h */ = {isa = PBXFileReference; fileEncoding = 4; lastKnownFileType = sourcecode.c.h; path = av.h; sourceTree = "<group>"; };
		362BFF4A16E3627B00405F7A /* h2ffi.lua */ = {isa = PBXFileReference; fileEncoding = 4; lastKnownFileType = sourcecode.lua; path = h2ffi.lua; sourceTree = "<group>"; };
		362BFF5216E3643D00405F7A /* av_ffi_header.cpp */ = {isa = PBXFileReference; fileEncoding = 4; lastKnownFileType = sourcecode.cpp.cpp; path = av_ffi_header.cpp; sourceTree = "<group>"; };
		366E1CE6170AA027002F9F53 /* kqueue.lua */ = {isa = PBXFileReference; fileEncoding = 4; lastKnownFileType = sourcecode.lua; name = kqueue.lua; path = ../kqueue.lua; sourceTree = SOURCE_ROOT; };
		366E1CEA170AA04B002F9F53 /* ignore.cpp */ = {isa = PBXFileReference; fileEncoding = 4; lastKnownFileType = sourcecode.cpp.cpp; path = ignore.cpp; sourceTree = "<group>"; };
		366E1CFB170AA57A002F9F53 /* clang.lua */ = {isa = PBXFileReference; fileEncoding = 4; lastKnownFileType = sourcecode.lua; name = clang.lua; path = ../clang.lua; sourceTree = SOURCE_ROOT; };
		366E1D24170AA95A002F9F53 /* Index.h */ = {isa = PBXFileReference; fileEncoding = 4; lastKnownFileType = sourcecode.c.h; name = Index.h; path = ../Index.h; sourceTree = SOURCE_ROOT; };
		366E26ED170AF7AB002F9F53 /* cindex.lua */ = {isa = PBXFileReference; fileEncoding = 4; lastKnownFileType = sourcecode.lua; name = cindex.lua; path = ../cindex.lua; sourceTree = SOURCE_ROOT; };
		366E26EE170AF7AB002F9F53 /* cindex.test.lua */ = {isa = PBXFileReference; fileEncoding = 4; lastKnownFileType = sourcecode.lua; name = cindex.test.lua; path = ../cindex.test.lua; sourceTree = SOURCE_ROOT; };
		3689A2511740FE82001CDA25 /* bullet.cpp */ = {isa = PBXFileReference; fileEncoding = 4; lastKnownFileType = sourcecode.cpp.cpp; path = bullet.cpp; sourceTree = "<group>"; };
		3689A2561741063F001CDA25 /* modules */ = {isa = PBXFileReference; lastKnownFileType = folder; name = modules; path = ../modules; sourceTree = SOURCE_ROOT; };
		3689ACBA17410678001CDA25 /* bullets.lua */ = {isa = PBXFileReference; fileEncoding = 4; lastKnownFileType = sourcecode.lua; name = bullets.lua; path = ../bullets.lua; sourceTree = SOURCE_ROOT; };
		3689AD0A17421CB8001CDA25 /* src */ = {isa = PBXFileReference; lastKnownFileType = folder; name = src; path = "../../bullet-read-only/src"; sourceTree = SOURCE_ROOT; };
		368C279A16F97B5500AB3D5D /* rgbd.h */ = {isa = PBXFileReference; fileEncoding = 4; lastKnownFileType = sourcecode.c.h; path = rgbd.h; sourceTree = "<group>"; };
		368C279B16F97B5500AB3D5D /* rgbd.cpp */ = {isa = PBXFileReference; fileEncoding = 4; lastKnownFileType = sourcecode.cpp.cpp; path = rgbd.cpp; sourceTree = "<group>"; };
		368C279D16F97BBE00AB3D5D /* av.hpp */ = {isa = PBXFileReference; fileEncoding = 4; lastKnownFileType = sourcecode.cpp.h; path = av.hpp; sourceTree = "<group>"; };
		368C27F816F9828A00AB3D5D /* snap.lua */ = {isa = PBXFileReference; fileEncoding = 4; lastKnownFileType = sourcecode.lua; name = snap.lua; path = ../snap.lua; sourceTree = SOURCE_ROOT; };
		36C3E0B016E4400A007407CF /* devnotes.txt */ = {isa = PBXFileReference; fileEncoding = 4; lastKnownFileType = text; path = devnotes.txt; sourceTree = "<group>"; };
		36C6556E16E4419600FDE98B /* README.md */ = {isa = PBXFileReference; fileEncoding = 4; lastKnownFileType = text; name = README.md; path = ../README.md; sourceTree = SOURCE_ROOT; };
		36F00C641762F9B600FD0902 /* .git */ = {isa = PBXFileReference; fileEncoding = 4; lastKnownFileType = text; path = .git; sourceTree = "<group>"; };
		36F00C651762F9B600FD0902 /* .gitattributes */ = {isa = PBXFileReference; fileEncoding = 4; lastKnownFileType = text; path = .gitattributes; sourceTree = "<group>"; };
		36F00C661762F9B600FD0902 /* .gitignore */ = {isa = PBXFileReference; fileEncoding = 4; lastKnownFileType = text; path = .gitignore; sourceTree = "<group>"; };
		36F00C671762F9B600FD0902 /* AUTHORS.txt */ = {isa = PBXFileReference; fileEncoding = 4; lastKnownFileType = text; path = AUTHORS.txt; sourceTree = "<group>"; };
		36F00C681762F9B600FD0902 /* bootstrap */ = {isa = PBXFileReference; fileEncoding = 4; lastKnownFileType = text.script.sh; path = bootstrap; sourceTree = "<group>"; };
		36F00C691762F9B600FD0902 /* configure.ac */ = {isa = PBXFileReference; fileEncoding = 4; lastKnownFileType = text; path = configure.ac; sourceTree = "<group>"; };
		36F00C6B1762F9B600FD0902 /* Doxyfile */ = {isa = PBXFileReference; fileEncoding = 4; lastKnownFileType = text; path = Doxyfile; sourceTree = "<group>"; };
		36F00C6C1762F9B600FD0902 /* HACKING.txt */ = {isa = PBXFileReference; fileEncoding = 4; lastKnownFileType = text; path = HACKING.txt; sourceTree = "<group>"; };
		36F00C6E1762F9B600FD0902 /* hidapi.h */ = {isa = PBXFileReference; fileEncoding = 4; lastKnownFileType = sourcecode.c.h; path = hidapi.h; sourceTree = "<group>"; };
		36F00C701762F9B600FD0902 /* .gitignore */ = {isa = PBXFileReference; fileEncoding = 4; lastKnownFileType = text; path = .gitignore; sourceTree = "<group>"; };
		36F00C711762F9B600FD0902 /* hidtest.cpp */ = {isa = PBXFileReference; fileEncoding = 4; lastKnownFileType = sourcecode.cpp.cpp; path = hidtest.cpp; sourceTree = "<group>"; };
		36F00C721762F9B600FD0902 /* Makefile.am */ = {isa = PBXFileReference; fileEncoding = 4; lastKnownFileType = text; path = Makefile.am; sourceTree = "<group>"; };
		36F00C741762F9B600FD0902 /* .gitignore */ = {isa = PBXFileReference; fileEncoding = 4; lastKnownFileType = text; path = .gitignore; sourceTree = "<group>"; };
		36F00C751762F9B600FD0902 /* hid.c */ = {isa = PBXFileReference; fileEncoding = 4; lastKnownFileType = sourcecode.c.c; path = hid.c; sourceTree = "<group>"; };
		36F00C761762F9B600FD0902 /* Makefile-manual */ = {isa = PBXFileReference; fileEncoding = 4; lastKnownFileType = text; path = "Makefile-manual"; sourceTree = "<group>"; };
		36F00C771762F9B600FD0902 /* Makefile.am */ = {isa = PBXFileReference; fileEncoding = 4; lastKnownFileType = text; path = Makefile.am; sourceTree = "<group>"; };
		36F00C781762F9B600FD0902 /* Makefile.freebsd */ = {isa = PBXFileReference; fileEncoding = 4; lastKnownFileType = text; path = Makefile.freebsd; sourceTree = "<group>"; };
		36F00C791762F9B600FD0902 /* Makefile.linux */ = {isa = PBXFileReference; fileEncoding = 4; lastKnownFileType = text; path = Makefile.linux; sourceTree = "<group>"; };
		36F00C7A1762F9B600FD0902 /* LICENSE-bsd.txt */ = {isa = PBXFileReference; fileEncoding = 4; lastKnownFileType = text; path = "LICENSE-bsd.txt"; sourceTree = "<group>"; };
		36F00C7B1762F9B600FD0902 /* LICENSE-gpl3.txt */ = {isa = PBXFileReference; fileEncoding = 4; lastKnownFileType = text; path = "LICENSE-gpl3.txt"; sourceTree = "<group>"; };
		36F00C7C1762F9B600FD0902 /* LICENSE-orig.txt */ = {isa = PBXFileReference; fileEncoding = 4; lastKnownFileType = text; path = "LICENSE-orig.txt"; sourceTree = "<group>"; };
		36F00C7D1762F9B600FD0902 /* LICENSE.txt */ = {isa = PBXFileReference; fileEncoding = 4; lastKnownFileType = text; path = LICENSE.txt; sourceTree = "<group>"; };
		36F00C7F1762F9B600FD0902 /* .gitignore */ = {isa = PBXFileReference; fileEncoding = 4; lastKnownFileType = text; path = .gitignore; sourceTree = "<group>"; };
		36F00C801762F9B600FD0902 /* hid.c */ = {isa = PBXFileReference; fileEncoding = 4; lastKnownFileType = sourcecode.c.c; path = hid.c; sourceTree = "<group>"; };
		36F00C811762F9B600FD0902 /* Makefile-manual */ = {isa = PBXFileReference; fileEncoding = 4; lastKnownFileType = text; path = "Makefile-manual"; sourceTree = "<group>"; };
		36F00C821762F9B600FD0902 /* Makefile.am */ = {isa = PBXFileReference; fileEncoding = 4; lastKnownFileType = text; path = Makefile.am; sourceTree = "<group>"; };
		36F00C831762F9B600FD0902 /* README.txt */ = {isa = PBXFileReference; fileEncoding = 4; lastKnownFileType = text; path = README.txt; sourceTree = "<group>"; };
		36F00C851762F9B600FD0902 /* .gitignore */ = {isa = PBXFileReference; fileEncoding = 4; lastKnownFileType = text; path = .gitignore; sourceTree = "<group>"; };
		36F00C861762F9B600FD0902 /* ax_pthread.m4 */ = {isa = PBXFileReference; fileEncoding = 4; lastKnownFileType = text; path = ax_pthread.m4; sourceTree = "<group>"; };
		36F00C871762F9B600FD0902 /* pkg.m4 */ = {isa = PBXFileReference; fileEncoding = 4; lastKnownFileType = text; path = pkg.m4; sourceTree = "<group>"; };
		36F00C891762F9B600FD0902 /* .gitignore */ = {isa = PBXFileReference; fileEncoding = 4; lastKnownFileType = text; path = .gitignore; sourceTree = "<group>"; };
		36F00C8A1762F9B600FD0902 /* hid.c */ = {isa = PBXFileReference; fileEncoding = 4; lastKnownFileType = sourcecode.c.c; path = hid.c; sourceTree = "<group>"; };
		36F00C8B1762F9B600FD0902 /* Makefile-manual */ = {isa = PBXFileReference; fileEncoding = 4; lastKnownFileType = text; path = "Makefile-manual"; sourceTree = "<group>"; };
		36F00C8C1762F9B600FD0902 /* Makefile.am */ = {isa = PBXFileReference; fileEncoding = 4; lastKnownFileType = text; path = Makefile.am; sourceTree = "<group>"; };
		36F00C8D1762F9B600FD0902 /* Makefile.am */ = {isa = PBXFileReference; fileEncoding = 4; lastKnownFileType = text; path = Makefile.am; sourceTree = "<group>"; };
		36F00C8F1762F9B600FD0902 /* .gitignore */ = {isa = PBXFileReference; fileEncoding = 4; lastKnownFileType = text; path = .gitignore; sourceTree = "<group>"; };
		36F00C901762F9B600FD0902 /* hidapi-hidraw.pc.in */ = {isa = PBXFileReference; fileEncoding = 4; lastKnownFileType = text; path = "hidapi-hidraw.pc.in"; sourceTree = "<group>"; };
		36F00C911762F9B600FD0902 /* hidapi-libusb.pc.in */ = {isa = PBXFileReference; fileEncoding = 4; lastKnownFileType = text; path = "hidapi-libusb.pc.in"; sourceTree = "<group>"; };
		36F00C921762F9B600FD0902 /* hidapi.pc.in */ = {isa = PBXFileReference; fileEncoding = 4; lastKnownFileType = text; path = hidapi.pc.in; sourceTree = "<group>"; };
		36F00C931762F9B600FD0902 /* README.txt */ = {isa = PBXFileReference; fileEncoding = 4; lastKnownFileType = text; path = README.txt; sourceTree = "<group>"; };
		36F00C951762F9B600FD0902 /* .gitignore */ = {isa = PBXFileReference; fileEncoding = 4; lastKnownFileType = text; path = .gitignore; sourceTree = "<group>"; };
		36F00C961762F9B600FD0902 /* copy_to_bundle.sh */ = {isa = PBXFileReference; fileEncoding = 4; lastKnownFileType = text.script.sh; path = copy_to_bundle.sh; sourceTree = "<group>"; };
		36F00C971762F9B600FD0902 /* mac_support.cpp */ = {isa = PBXFileReference; fileEncoding = 4; lastKnownFileType = sourcecode.cpp.cpp; path = mac_support.cpp; sourceTree = "<group>"; };
		36F00C981762F9B600FD0902 /* mac_support.h */ = {isa = PBXFileReference; fileEncoding = 4; lastKnownFileType = sourcecode.c.h; path = mac_support.h; sourceTree = "<group>"; };
		36F00C991762F9B600FD0902 /* mac_support_cocoa.m */ = {isa = PBXFileReference; fileEncoding = 4; lastKnownFileType = sourcecode.c.objc; path = mac_support_cocoa.m; sourceTree = "<group>"; };
		36F00C9A1762F9B600FD0902 /* Makefile-manual */ = {isa = PBXFileReference; fileEncoding = 4; lastKnownFileType = text; path = "Makefile-manual"; sourceTree = "<group>"; };
		36F00C9B1762F9B600FD0902 /* Makefile.am */ = {isa = PBXFileReference; fileEncoding = 4; lastKnownFileType = text; path = Makefile.am; sourceTree = "<group>"; };
		36F00C9C1762F9B600FD0902 /* Makefile.freebsd */ = {isa = PBXFileReference; fileEncoding = 4; lastKnownFileType = text; path = Makefile.freebsd; sourceTree = "<group>"; };
		36F00C9D1762F9B600FD0902 /* Makefile.linux */ = {isa = PBXFileReference; fileEncoding = 4; lastKnownFileType = text; path = Makefile.linux; sourceTree = "<group>"; };
		36F00C9E1762F9B600FD0902 /* Makefile.mac */ = {isa = PBXFileReference; fileEncoding = 4; lastKnownFileType = text; path = Makefile.mac; sourceTree = "<group>"; };
		36F00C9F1762F9B600FD0902 /* Makefile.mingw */ = {isa = PBXFileReference; fileEncoding = 4; lastKnownFileType = text; path = Makefile.mingw; sourceTree = "<group>"; };
		36F00CA01762F9B600FD0902 /* start.sh */ = {isa = PBXFileReference; fileEncoding = 4; lastKnownFileType = text.script.sh; path = start.sh; sourceTree = "<group>"; };
		36F00CA11762F9B600FD0902 /* test.cpp */ = {isa = PBXFileReference; fileEncoding = 4; lastKnownFileType = sourcecode.cpp.cpp; path = test.cpp; sourceTree = "<group>"; };
		36F00CA41762F9B600FD0902 /* Info.plist */ = {isa = PBXFileReference; fileEncoding = 4; lastKnownFileType = text.plist.xml; path = Info.plist; sourceTree = "<group>"; };
		36F00CA51762F9B600FD0902 /* PkgInfo */ = {isa = PBXFileReference; fileEncoding = 4; lastKnownFileType = text; path = PkgInfo; sourceTree = "<group>"; };
		36F00CA81762F9B600FD0902 /* English */ = {isa = PBXFileReference; fileEncoding = 4; lastKnownFileType = text.plist.strings; name = English; path = English.lproj/InfoPlist.strings; sourceTree = "<group>"; };
		36F00CA91762F9B600FD0902 /* Signal11.icns */ = {isa = PBXFileReference; lastKnownFileType = image.icns; path = Signal11.icns; sourceTree = "<group>"; };
		36F00CAA1762F9B600FD0902 /* testgui.exe */ = {isa = PBXFileReference; lastKnownFileType = file; path = testgui.exe; sourceTree = "<group>"; };
		36F00CAB1762F9B600FD0902 /* testgui.sln */ = {isa = PBXFileReference; fileEncoding = 4; lastKnownFileType = text; path = testgui.sln; sourceTree = "<group>"; };
		36F00CAC1762F9B600FD0902 /* testgui.vcproj */ = {isa = PBXFileReference; fileEncoding = 4; lastKnownFileType = text.xml; path = testgui.vcproj; sourceTree = "<group>"; };
		36F00CAE1762F9B600FD0902 /* 99-hid.rules */ = {isa = PBXFileReference; fileEncoding = 4; lastKnownFileType = text; path = "99-hid.rules"; sourceTree = "<group>"; };
		36F00CB01762F9B600FD0902 /* .gitignore */ = {isa = PBXFileReference; fileEncoding = 4; lastKnownFileType = text; path = .gitignore; sourceTree = "<group>"; };
		36F00CB21762F9B600FD0902 /* .gitignore */ = {isa = PBXFileReference; fileEncoding = 4; lastKnownFileType = text; path = .gitignore; sourceTree = "<group>"; };
		36F00CB31762F9B600FD0902 /* hidapi.def */ = {isa = PBXFileReference; fileEncoding = 4; lastKnownFileType = text; path = hidapi.def; sourceTree = "<group>"; };
		36F00CB41762F9B600FD0902 /* makefile */ = {isa = PBXFileReference; fileEncoding = 4; lastKnownFileType = sourcecode.make; path = makefile; sourceTree = "<group>"; };
		36F00CB51762F9B600FD0902 /* sources */ = {isa = PBXFileReference; fileEncoding = 4; lastKnownFileType = text; path = sources; sourceTree = "<group>"; };
		36F00CB61762F9B600FD0902 /* hid.c */ = {isa = PBXFileReference; fileEncoding = 4; lastKnownFileType = sourcecode.c.c; path = hid.c; sourceTree = "<group>"; };
		36F00CB71762F9B600FD0902 /* hidapi.sln */ = {isa = PBXFileReference; fileEncoding = 4; lastKnownFileType = text; path = hidapi.sln; sourceTree = "<group>"; };
		36F00CB81762F9B600FD0902 /* hidapi.vcproj */ = {isa = PBXFileReference; fileEncoding = 4; lastKnownFileType = text.xml; path = hidapi.vcproj; sourceTree = "<group>"; };
		36F00CB91762F9B600FD0902 /* hidtest.vcproj */ = {isa = PBXFileReference; fileEncoding = 4; lastKnownFileType = text.xml; path = hidtest.vcproj; sourceTree = "<group>"; };
		36F00CBA1762F9B600FD0902 /* Makefile-manual */ = {isa = PBXFileReference; fileEncoding = 4; lastKnownFileType = text; path = "Makefile-manual"; sourceTree = "<group>"; };
		36F00CBB1762F9B600FD0902 /* Makefile.am */ = {isa = PBXFileReference; fileEncoding = 4; lastKnownFileType = text; path = Makefile.am; sourceTree = "<group>"; };
		36F00CBC1762F9B600FD0902 /* Makefile.mingw */ = {isa = PBXFileReference; fileEncoding = 4; lastKnownFileType = text; path = Makefile.mingw; sourceTree = "<group>"; };
		36F00CBD1762FA1F00FD0902 /* hidapi_test.lua */ = {isa = PBXFileReference; fileEncoding = 4; lastKnownFileType = sourcecode.lua; name = hidapi_test.lua; path = ../hidapi_test.lua; sourceTree = "<group>"; };
		36FC187516EE12D400C20D48 /* coroutine.lua */ = {isa = PBXFileReference; fileEncoding = 4; lastKnownFileType = sourcecode.lua; path = coroutine.lua; sourceTree = "<group>"; };
		36FC187616EE12D400C20D48 /* debug.lua */ = {isa = PBXFileReference; fileEncoding = 4; lastKnownFileType = sourcecode.lua; path = debug.lua; sourceTree = "<group>"; };
		36FC187716EE12D400C20D48 /* global.lua */ = {isa = PBXFileReference; fileEncoding = 4; lastKnownFileType = sourcecode.lua; path = global.lua; sourceTree = "<group>"; };
		36FC187816EE12D400C20D48 /* globals.lua */ = {isa = PBXFileReference; fileEncoding = 4; lastKnownFileType = sourcecode.lua; path = globals.lua; sourceTree = "<group>"; };
		36FC187916EE12D400C20D48 /* io.lua */ = {isa = PBXFileReference; fileEncoding = 4; lastKnownFileType = sourcecode.lua; path = io.lua; sourceTree = "<group>"; };
		36FC187A16EE12D400C20D48 /* lfs.lua */ = {isa = PBXFileReference; fileEncoding = 4; lastKnownFileType = sourcecode.lua; path = lfs.lua; sourceTree = "<group>"; };
		36FC187B16EE12D400C20D48 /* lpeg.lua */ = {isa = PBXFileReference; fileEncoding = 4; lastKnownFileType = sourcecode.lua; path = lpeg.lua; sourceTree = "<group>"; };
		36FC187C16EE12D400C20D48 /* math.lua */ = {isa = PBXFileReference; fileEncoding = 4; lastKnownFileType = sourcecode.lua; path = math.lua; sourceTree = "<group>"; };
		36FC187D16EE12D400C20D48 /* os.lua */ = {isa = PBXFileReference; fileEncoding = 4; lastKnownFileType = sourcecode.lua; path = os.lua; sourceTree = "<group>"; };
		36FC187E16EE12D400C20D48 /* package.lua */ = {isa = PBXFileReference; fileEncoding = 4; lastKnownFileType = sourcecode.lua; path = package.lua; sourceTree = "<group>"; };
		36FC187F16EE12D400C20D48 /* string.lua */ = {isa = PBXFileReference; fileEncoding = 4; lastKnownFileType = sourcecode.lua; path = string.lua; sourceTree = "<group>"; };
		36FC188016EE12D400C20D48 /* table.lua */ = {isa = PBXFileReference; fileEncoding = 4; lastKnownFileType = sourcecode.lua; path = table.lua; sourceTree = "<group>"; };
		36FC188116EE12D400C20D48 /* config.ld */ = {isa = PBXFileReference; fileEncoding = 4; lastKnownFileType = text; path = config.ld; sourceTree = "<group>"; };
		36FC188216EE12D400C20D48 /* doc.lua */ = {isa = PBXFileReference; fileEncoding = 4; lastKnownFileType = sourcecode.lua; path = doc.lua; sourceTree = "<group>"; };
		36FC188416EE12D400C20D48 /* ldoc_css.lua */ = {isa = PBXFileReference; fileEncoding = 4; lastKnownFileType = sourcecode.lua; path = ldoc_css.lua; sourceTree = "<group>"; };
		36FC188516EE12D400C20D48 /* ldoc_ltp.lua */ = {isa = PBXFileReference; fileEncoding = 4; lastKnownFileType = sourcecode.lua; path = ldoc_ltp.lua; sourceTree = "<group>"; };
		36FC188616EE12D400C20D48 /* ldoc_one_css.lua */ = {isa = PBXFileReference; fileEncoding = 4; lastKnownFileType = sourcecode.lua; path = ldoc_one_css.lua; sourceTree = "<group>"; };
		36FC188716EE12D400C20D48 /* html.lua */ = {isa = PBXFileReference; fileEncoding = 4; lastKnownFileType = sourcecode.lua; path = html.lua; sourceTree = "<group>"; };
		36FC188816EE12D400C20D48 /* lang.lua */ = {isa = PBXFileReference; fileEncoding = 4; lastKnownFileType = sourcecode.lua; path = lang.lua; sourceTree = "<group>"; };
		36FC188916EE12D400C20D48 /* lexer.lua */ = {isa = PBXFileReference; fileEncoding = 4; lastKnownFileType = sourcecode.lua; path = lexer.lua; sourceTree = "<group>"; };
		36FC188A16EE12D400C20D48 /* markdown.lua */ = {isa = PBXFileReference; fileEncoding = 4; lastKnownFileType = sourcecode.lua; path = markdown.lua; sourceTree = "<group>"; };
		36FC188B16EE12D400C20D48 /* markup.lua */ = {isa = PBXFileReference; fileEncoding = 4; lastKnownFileType = sourcecode.lua; path = markup.lua; sourceTree = "<group>"; };
		36FC188C16EE12D400C20D48 /* parse.lua */ = {isa = PBXFileReference; fileEncoding = 4; lastKnownFileType = sourcecode.lua; path = parse.lua; sourceTree = "<group>"; };
		36FC188D16EE12D400C20D48 /* prettify.lua */ = {isa = PBXFileReference; fileEncoding = 4; lastKnownFileType = sourcecode.lua; path = prettify.lua; sourceTree = "<group>"; };
		36FC188E16EE12D400C20D48 /* SciTE.properties */ = {isa = PBXFileReference; fileEncoding = 4; lastKnownFileType = text; path = SciTE.properties; sourceTree = "<group>"; };
		36FC188F16EE12D400C20D48 /* tools.lua */ = {isa = PBXFileReference; fileEncoding = 4; lastKnownFileType = sourcecode.lua; path = tools.lua; sourceTree = "<group>"; };
		36FC189016EE12D400C20D48 /* ldoc.lua */ = {isa = PBXFileReference; fileEncoding = 4; lastKnownFileType = sourcecode.lua; path = ldoc.lua; sourceTree = "<group>"; };
/* End PBXFileReference section */

/* Begin PBXFrameworksBuildPhase section */
		36228CED16EC4C6C00BB8932 /* Frameworks */ = {
			isa = PBXFrameworksBuildPhase;
			buildActionMask = 2147483647;
			files = (
			);
			runOnlyForDeploymentPostprocessing = 0;
		};
/* End PBXFrameworksBuildPhase section */

/* Begin PBXGroup section */
		3610AA81172F827D002DE83B /* lpeg-0.11 */ = {
			isa = PBXGroup;
			children = (
				3610AA82172F827D002DE83B /* HISTORY */,
				3610AA83172F827D002DE83B /* lpcap.c */,
				3610AA84172F827D002DE83B /* lpcap.h */,
				3610AA85172F827D002DE83B /* lpcode.c */,
				3610AA86172F827D002DE83B /* lpcode.h */,
				3610AA87172F827D002DE83B /* lpeg-128.gif */,
				3610AA88172F827D002DE83B /* lpeg.html */,
				3610AA89172F827D002DE83B /* lpprint.c */,
				3610AA8A172F827D002DE83B /* lpprint.h */,
				3610AA8B172F827D002DE83B /* lptree.c */,
				3610AA8C172F827D002DE83B /* lptree.h */,
				3610AA8D172F827D002DE83B /* lptypes.h */,
				3610AA8E172F827D002DE83B /* lpvm.c */,
				3610AA8F172F827D002DE83B /* lpvm.h */,
				3610AA90172F827D002DE83B /* makefile */,
				3610AA91172F827D002DE83B /* re.html */,
				3610AA92172F827D002DE83B /* re.lua */,
				3610AA93172F827D002DE83B /* test.lua */,
			);
			path = "lpeg-0.11";
			sourceTree = "<group>";
		};
		36228CF016EC4C6D00BB8932 /* Products */ = {
			isa = PBXGroup;
			children = (
				36228CEF16EC4C6D00BB8932 /* av.app */,
			);
			name = Products;
			sourceTree = "<group>";
		};
		36228E9216EC7C4800BB8932 /* windows */ = {
			isa = PBXGroup;
			children = (
				36228E9316EC7C7000BB8932 /* makefile */,
			);
			name = windows;
			sourceTree = "<group>";
		};
		362BFE7F16E3586E00405F7A = {
			isa = PBXGroup;
			children = (
				3689ACBA17410678001CDA25 /* bullets.lua */,
				36F00CBD1762FA1F00FD0902 /* hidapi_test.lua */,
				3689A2561741063F001CDA25 /* modules */,
				3616CAC9170BD0E20084E438 /* audio.test.lua */,
				366E26ED170AF7AB002F9F53 /* cindex.lua */,
				366E26EE170AF7AB002F9F53 /* cindex.test.lua */,
				366E1D24170AA95A002F9F53 /* Index.h */,
				366E1CFB170AA57A002F9F53 /* clang.lua */,
				366E1CE6170AA027002F9F53 /* kqueue.lua */,
				368C27F816F9828A00AB3D5D /* snap.lua */,
				3624310F16ED8D7F00C9732C /* draw.lua */,
				36C6556E16E4419600FDE98B /* README.md */,
				36228E5816EC781300BB8932 /* start.lua */,
				362BFFB816E369C600405F7A /* src */,
				36228E9216EC7C4800BB8932 /* windows */,
				36228CF016EC4C6D00BB8932 /* Products */,
				3616CDCB170C3F570084E438 /* msg.lua */,
			);
			sourceTree = "<group>";
		};
		362BFFB816E369C600405F7A /* src */ = {
			isa = PBXGroup;
			children = (
				36F00C631762F9B600FD0902 /* hidapi */,
				3689AD0A17421CB8001CDA25 /* src */,
				3610AA81172F827D002DE83B /* lpeg-0.11 */,
				36FC189016EE12D400C20D48 /* ldoc.lua */,
				36FC187316EE12D400C20D48 /* ldoc */,
				36228CF216EC4C6D00BB8932 /* av-Info.plist */,
				36C3E0B016E4400A007407CF /* devnotes.txt */,
				36228D3416EC4F5300BB8932 /* makeluajitosx.sh */,
				36228E4916EC769600BB8932 /* build.sh */,
				362BFF4A16E3627B00405F7A /* h2ffi.lua */,
				368C279A16F97B5500AB3D5D /* rgbd.h */,
				368C279B16F97B5500AB3D5D /* rgbd.cpp */,
				362BFF3C16E3616900405F7A /* av.h */,
				368C279D16F97BBE00AB3D5D /* av.hpp */,
				3616CAC2170BCF9B0084E438 /* av_audio.cpp */,
				362BFF5216E3643D00405F7A /* av_ffi_header.cpp */,
				362BFEB316E3598800405F7A /* av.cpp */,
				362290D916EC91B800BB8932 /* main.lua */,
				366E1CEA170AA04B002F9F53 /* ignore.cpp */,
				3689A2511740FE82001CDA25 /* bullet.cpp */,
			);
			name = src;
			path = ../src;
			sourceTree = "<group>";
		};
		36F00C631762F9B600FD0902 /* hidapi */ = {
			isa = PBXGroup;
			children = (
				36F00C641762F9B600FD0902 /* .git */,
				36F00C651762F9B600FD0902 /* .gitattributes */,
				36F00C661762F9B600FD0902 /* .gitignore */,
				36F00C671762F9B600FD0902 /* AUTHORS.txt */,
				36F00C681762F9B600FD0902 /* bootstrap */,
				36F00C691762F9B600FD0902 /* configure.ac */,
				36F00C6A1762F9B600FD0902 /* doxygen */,
				36F00C6C1762F9B600FD0902 /* HACKING.txt */,
				36F00C6D1762F9B600FD0902 /* hidapi */,
				36F00C6F1762F9B600FD0902 /* hidtest */,
				36F00C731762F9B600FD0902 /* libusb */,
				36F00C7A1762F9B600FD0902 /* LICENSE-bsd.txt */,
				36F00C7B1762F9B600FD0902 /* LICENSE-gpl3.txt */,
				36F00C7C1762F9B600FD0902 /* LICENSE-orig.txt */,
				36F00C7D1762F9B600FD0902 /* LICENSE.txt */,
				36F00C7E1762F9B600FD0902 /* linux */,
				36F00C841762F9B600FD0902 /* m4 */,
				36F00C881762F9B600FD0902 /* mac */,
				36F00C8D1762F9B600FD0902 /* Makefile.am */,
				36F00C8E1762F9B600FD0902 /* pc */,
				36F00C931762F9B600FD0902 /* README.txt */,
				36F00C941762F9B600FD0902 /* testgui */,
				36F00CAD1762F9B600FD0902 /* udev */,
				36F00CAF1762F9B600FD0902 /* windows */,
			);
			path = hidapi;
			sourceTree = "<group>";
		};
		36F00C6A1762F9B600FD0902 /* doxygen */ = {
			isa = PBXGroup;
			children = (
				36F00C6B1762F9B600FD0902 /* Doxyfile */,
			);
			path = doxygen;
			sourceTree = "<group>";
		};
		36F00C6D1762F9B600FD0902 /* hidapi */ = {
			isa = PBXGroup;
			children = (
				36F00C6E1762F9B600FD0902 /* hidapi.h */,
			);
			path = hidapi;
			sourceTree = "<group>";
		};
		36F00C6F1762F9B600FD0902 /* hidtest */ = {
			isa = PBXGroup;
			children = (
				36F00C701762F9B600FD0902 /* .gitignore */,
				36F00C711762F9B600FD0902 /* hidtest.cpp */,
				36F00C721762F9B600FD0902 /* Makefile.am */,
			);
			path = hidtest;
			sourceTree = "<group>";
		};
		36F00C731762F9B600FD0902 /* libusb */ = {
			isa = PBXGroup;
			children = (
				36F00C741762F9B600FD0902 /* .gitignore */,
				36F00C751762F9B600FD0902 /* hid.c */,
				36F00C761762F9B600FD0902 /* Makefile-manual */,
				36F00C771762F9B600FD0902 /* Makefile.am */,
				36F00C781762F9B600FD0902 /* Makefile.freebsd */,
				36F00C791762F9B600FD0902 /* Makefile.linux */,
			);
			path = libusb;
			sourceTree = "<group>";
		};
		36F00C7E1762F9B600FD0902 /* linux */ = {
			isa = PBXGroup;
			children = (
				36F00C7F1762F9B600FD0902 /* .gitignore */,
				36F00C801762F9B600FD0902 /* hid.c */,
				36F00C811762F9B600FD0902 /* Makefile-manual */,
				36F00C821762F9B600FD0902 /* Makefile.am */,
				36F00C831762F9B600FD0902 /* README.txt */,
			);
			path = linux;
			sourceTree = "<group>";
		};
		36F00C841762F9B600FD0902 /* m4 */ = {
			isa = PBXGroup;
			children = (
				36F00C851762F9B600FD0902 /* .gitignore */,
				36F00C861762F9B600FD0902 /* ax_pthread.m4 */,
				36F00C871762F9B600FD0902 /* pkg.m4 */,
			);
			path = m4;
			sourceTree = "<group>";
		};
		36F00C881762F9B600FD0902 /* mac */ = {
			isa = PBXGroup;
			children = (
				36F00C891762F9B600FD0902 /* .gitignore */,
				36F00C8A1762F9B600FD0902 /* hid.c */,
				36F00C8B1762F9B600FD0902 /* Makefile-manual */,
				36F00C8C1762F9B600FD0902 /* Makefile.am */,
			);
			path = mac;
			sourceTree = "<group>";
		};
		36F00C8E1762F9B600FD0902 /* pc */ = {
			isa = PBXGroup;
			children = (
				36F00C8F1762F9B600FD0902 /* .gitignore */,
				36F00C901762F9B600FD0902 /* hidapi-hidraw.pc.in */,
				36F00C911762F9B600FD0902 /* hidapi-libusb.pc.in */,
				36F00C921762F9B600FD0902 /* hidapi.pc.in */,
			);
			path = pc;
			sourceTree = "<group>";
		};
		36F00C941762F9B600FD0902 /* testgui */ = {
			isa = PBXGroup;
			children = (
				36F00C951762F9B600FD0902 /* .gitignore */,
				36F00C961762F9B600FD0902 /* copy_to_bundle.sh */,
				36F00C971762F9B600FD0902 /* mac_support.cpp */,
				36F00C981762F9B600FD0902 /* mac_support.h */,
				36F00C991762F9B600FD0902 /* mac_support_cocoa.m */,
				36F00C9A1762F9B600FD0902 /* Makefile-manual */,
				36F00C9B1762F9B600FD0902 /* Makefile.am */,
				36F00C9C1762F9B600FD0902 /* Makefile.freebsd */,
				36F00C9D1762F9B600FD0902 /* Makefile.linux */,
				36F00C9E1762F9B600FD0902 /* Makefile.mac */,
				36F00C9F1762F9B600FD0902 /* Makefile.mingw */,
				36F00CA01762F9B600FD0902 /* start.sh */,
				36F00CA11762F9B600FD0902 /* test.cpp */,
				36F00CA21762F9B600FD0902 /* TestGUI.app.in */,
				36F00CAA1762F9B600FD0902 /* testgui.exe */,
				36F00CAB1762F9B600FD0902 /* testgui.sln */,
				36F00CAC1762F9B600FD0902 /* testgui.vcproj */,
			);
			path = testgui;
			sourceTree = "<group>";
		};
		36F00CA21762F9B600FD0902 /* TestGUI.app.in */ = {
			isa = PBXGroup;
			children = (
				36F00CA31762F9B600FD0902 /* Contents */,
			);
			path = TestGUI.app.in;
			sourceTree = "<group>";
		};
		36F00CA31762F9B600FD0902 /* Contents */ = {
			isa = PBXGroup;
			children = (
				36F00CA41762F9B600FD0902 /* Info.plist */,
				36F00CA51762F9B600FD0902 /* PkgInfo */,
				36F00CA61762F9B600FD0902 /* Resources */,
			);
			path = Contents;
			sourceTree = "<group>";
		};
		36F00CA61762F9B600FD0902 /* Resources */ = {
			isa = PBXGroup;
			children = (
				36F00CA71762F9B600FD0902 /* InfoPlist.strings */,
				36F00CA91762F9B600FD0902 /* Signal11.icns */,
			);
			path = Resources;
			sourceTree = "<group>";
		};
		36F00CAD1762F9B600FD0902 /* udev */ = {
			isa = PBXGroup;
			children = (
				36F00CAE1762F9B600FD0902 /* 99-hid.rules */,
			);
			path = udev;
			sourceTree = "<group>";
		};
		36F00CAF1762F9B600FD0902 /* windows */ = {
			isa = PBXGroup;
			children = (
				36F00CB01762F9B600FD0902 /* .gitignore */,
				36F00CB11762F9B600FD0902 /* ddk_build */,
				36F00CB61762F9B600FD0902 /* hid.c */,
				36F00CB71762F9B600FD0902 /* hidapi.sln */,
				36F00CB81762F9B600FD0902 /* hidapi.vcproj */,
				36F00CB91762F9B600FD0902 /* hidtest.vcproj */,
				36F00CBA1762F9B600FD0902 /* Makefile-manual */,
				36F00CBB1762F9B600FD0902 /* Makefile.am */,
				36F00CBC1762F9B600FD0902 /* Makefile.mingw */,
			);
			path = windows;
			sourceTree = "<group>";
		};
		36F00CB11762F9B600FD0902 /* ddk_build */ = {
			isa = PBXGroup;
			children = (
				36F00CB21762F9B600FD0902 /* .gitignore */,
				36F00CB31762F9B600FD0902 /* hidapi.def */,
				36F00CB41762F9B600FD0902 /* makefile */,
				36F00CB51762F9B600FD0902 /* sources */,
			);
			path = ddk_build;
			sourceTree = "<group>";
		};
		36FC187316EE12D400C20D48 /* ldoc */ = {
			isa = PBXGroup;
			children = (
				36FC187416EE12D400C20D48 /* builtin */,
				36FC188116EE12D400C20D48 /* config.ld */,
				36FC188216EE12D400C20D48 /* doc.lua */,
				36FC188316EE12D400C20D48 /* html */,
				36FC188716EE12D400C20D48 /* html.lua */,
				36FC188816EE12D400C20D48 /* lang.lua */,
				36FC188916EE12D400C20D48 /* lexer.lua */,
				36FC188A16EE12D400C20D48 /* markdown.lua */,
				36FC188B16EE12D400C20D48 /* markup.lua */,
				36FC188C16EE12D400C20D48 /* parse.lua */,
				36FC188D16EE12D400C20D48 /* prettify.lua */,
				36FC188E16EE12D400C20D48 /* SciTE.properties */,
				36FC188F16EE12D400C20D48 /* tools.lua */,
			);
			path = ldoc;
			sourceTree = "<group>";
		};
		36FC187416EE12D400C20D48 /* builtin */ = {
			isa = PBXGroup;
			children = (
				36FC187516EE12D400C20D48 /* coroutine.lua */,
				36FC187616EE12D400C20D48 /* debug.lua */,
				36FC187716EE12D400C20D48 /* global.lua */,
				36FC187816EE12D400C20D48 /* globals.lua */,
				36FC187916EE12D400C20D48 /* io.lua */,
				36FC187A16EE12D400C20D48 /* lfs.lua */,
				36FC187B16EE12D400C20D48 /* lpeg.lua */,
				36FC187C16EE12D400C20D48 /* math.lua */,
				36FC187D16EE12D400C20D48 /* os.lua */,
				36FC187E16EE12D400C20D48 /* package.lua */,
				36FC187F16EE12D400C20D48 /* string.lua */,
				36FC188016EE12D400C20D48 /* table.lua */,
			);
			path = builtin;
			sourceTree = "<group>";
		};
		36FC188316EE12D400C20D48 /* html */ = {
			isa = PBXGroup;
			children = (
				36FC188416EE12D400C20D48 /* ldoc_css.lua */,
				36FC188516EE12D400C20D48 /* ldoc_ltp.lua */,
				36FC188616EE12D400C20D48 /* ldoc_one_css.lua */,
			);
			path = html;
			sourceTree = "<group>";
		};
/* End PBXGroup section */

/* Begin PBXNativeTarget section */
		36228CEE16EC4C6C00BB8932 /* av */ = {
			isa = PBXNativeTarget;
			buildConfigurationList = 36228CF516EC4C7500BB8932 /* Build configuration list for PBXNativeTarget "av" */;
			buildPhases = (
				36228CEB16EC4C6C00BB8932 /* Resources */,
				36228CEC16EC4C6C00BB8932 /* Sources */,
				36228CED16EC4C6C00BB8932 /* Frameworks */,
			);
			buildRules = (
			);
			dependencies = (
				36228DF216EC738100BB8932 /* PBXTargetDependency */,
			);
			name = av;
			productName = av;
			productReference = 36228CEF16EC4C6D00BB8932 /* av.app */;
			productType = "com.apple.product-type.application";
		};
/* End PBXNativeTarget section */

/* Begin PBXProject section */
		362BFE8116E3586E00405F7A /* Project object */ = {
			isa = PBXProject;
			buildConfigurationList = 362BFE8416E3586E00405F7A /* Build configuration list for PBXProject "av" */;
			compatibilityVersion = "Xcode 2.4";
			developmentRegion = English;
			hasScannedForEncodings = 0;
			knownRegions = (
				English,
				Japanese,
				French,
				German,
			);
			mainGroup = 362BFE7F16E3586E00405F7A;
			productRefGroup = 36228CF016EC4C6D00BB8932 /* Products */;
			projectDirPath = "";
			projectRoot = "";
			targets = (
				362BFEA216E358BE00405F7A /* build.sh */,
				36228CEE16EC4C6C00BB8932 /* av */,
			);
		};
/* End PBXProject section */

/* Begin PBXResourcesBuildPhase section */
		36228CEB16EC4C6C00BB8932 /* Resources */ = {
			isa = PBXResourcesBuildPhase;
			buildActionMask = 2147483647;
			files = (
			);
			runOnlyForDeploymentPostprocessing = 0;
		};
/* End PBXResourcesBuildPhase section */

/* Begin PBXShellScriptBuildPhase section */
		362BFEA116E358BE00405F7A /* ShellScript */ = {
			isa = PBXShellScriptBuildPhase;
			buildActionMask = 2147483647;
			files = (
			);
			inputPaths = (
			);
			outputPaths = (
			);
			runOnlyForDeploymentPostprocessing = 0;
			shellPath = /bin/sh;
			shellScript = "# shell script goes here\n./build.sh\nexit 0";
		};
/* End PBXShellScriptBuildPhase section */

/* Begin PBXSourcesBuildPhase section */
		36228CEC16EC4C6C00BB8932 /* Sources */ = {
			isa = PBXSourcesBuildPhase;
			buildActionMask = 2147483647;
			files = (
				36228CF916EC4C9800BB8932 /* av.cpp in Sources */,
			);
			runOnlyForDeploymentPostprocessing = 0;
		};
/* End PBXSourcesBuildPhase section */

/* Begin PBXTargetDependency section */
		36228DF216EC738100BB8932 /* PBXTargetDependency */ = {
			isa = PBXTargetDependency;
			target = 362BFEA216E358BE00405F7A /* build.sh */;
			targetProxy = 36228DF116EC738100BB8932 /* PBXContainerItemProxy */;
		};
/* End PBXTargetDependency section */

/* Begin PBXVariantGroup section */
		36F00CA71762F9B600FD0902 /* InfoPlist.strings */ = {
			isa = PBXVariantGroup;
			children = (
				36F00CA81762F9B600FD0902 /* English */,
			);
			name = InfoPlist.strings;
			sourceTree = "<group>";
		};
/* End PBXVariantGroup section */

/* Begin XCBuildConfiguration section */
		36228CF316EC4C7400BB8932 /* Debug */ = {
			isa = XCBuildConfiguration;
			buildSettings = {
				ALWAYS_SEARCH_USER_PATHS = NO;
				ARCHS = "$(ARCHS_STANDARD_64_BIT_PRE_XCODE_3_1)";
				ARCHS_STANDARD_64_BIT_PRE_XCODE_3_1 = x86_64;
				CONFIGURATION_BUILD_DIR = "$(BUILD_DIR)";
				GCC_DYNAMIC_NO_PIC = NO;
				GCC_ENABLE_FIX_AND_CONTINUE = YES;
				GCC_MODEL_TUNING = G5;
				GCC_OPTIMIZATION_LEVEL = 0;
				HEADER_SEARCH_PATHS = "$(PROJECT_DIR)/osx/include";
				INFOPLIST_FILE = "av-Info.plist";
				LIBRARY_SEARCH_PATHS = "$(PROJECT_DIR)/osx/lib";
				OBJROOT = build;
				OTHER_CFLAGS = "-DAV_OSXAPP";
				OTHER_LDFLAGS = (
					"-pagezero_size",
					10000,
					"-image_base",
					100000000,
					"-lluajit",
					"-framework",
					Carbon,
					"-framework",
					Cocoa,
					"-framework",
					CoreAudio,
					"-framework",
					GLUT,
					"-framework",
					OpenGL,
				);
				PREBINDING = NO;
				PRODUCT_NAME = av;
				SYMROOT = ..;
				VALID_ARCHS = x86_64;
			};
			name = Debug;
		};
		36228CF416EC4C7400BB8932 /* Release */ = {
			isa = XCBuildConfiguration;
			buildSettings = {
				ALWAYS_SEARCH_USER_PATHS = NO;
				ARCHS = "$(ARCHS_STANDARD_64_BIT_PRE_XCODE_3_1)";
				ARCHS_STANDARD_64_BIT_PRE_XCODE_3_1 = x86_64;
				CONFIGURATION_BUILD_DIR = "$(BUILD_DIR)";
				DEBUG_INFORMATION_FORMAT = "dwarf-with-dsym";
				GCC_ENABLE_FIX_AND_CONTINUE = NO;
				GCC_MODEL_TUNING = G5;
				HEADER_SEARCH_PATHS = "$(PROJECT_DIR)/osx/include";
				INFOPLIST_FILE = "av-Info.plist";
				LIBRARY_SEARCH_PATHS = "$(PROJECT_DIR)/osx/lib";
				OBJROOT = build;
				OTHER_CFLAGS = "-DAV_OSXAPP";
				OTHER_LDFLAGS = (
					"-pagezero_size",
					10000,
					"-image_base",
					100000000,
					"-lluajit",
					"-framework",
					Carbon,
					"-framework",
					Cocoa,
					"-framework",
					CoreAudio,
					"-framework",
					GLUT,
					"-framework",
					OpenGL,
				);
				PREBINDING = NO;
				PRODUCT_NAME = av;
				SYMROOT = ..;
				VALID_ARCHS = x86_64;
				ZERO_LINK = NO;
			};
			name = Release;
		};
		362BFE8216E3586E00405F7A /* Debug */ = {
			isa = XCBuildConfiguration;
			buildSettings = {
				ARCHS = "$(ARCHS_STANDARD_64_BIT_PRE_XCODE_3_1)";
				ARCHS_STANDARD_64_BIT_PRE_XCODE_3_1 = x86_64;
				COPY_PHASE_STRIP = NO;
			};
			name = Debug;
		};
		362BFE8316E3586E00405F7A /* Release */ = {
			isa = XCBuildConfiguration;
			buildSettings = {
				ARCHS = "$(ARCHS_STANDARD_64_BIT_PRE_XCODE_3_1)";
				ARCHS_STANDARD_64_BIT_PRE_XCODE_3_1 = x86_64;
				COPY_PHASE_STRIP = YES;
			};
			name = Release;
		};
		362BFEA316E358BE00405F7A /* Debug */ = {
			isa = XCBuildConfiguration;
			buildSettings = {
				COPY_PHASE_STRIP = NO;
				GCC_DYNAMIC_NO_PIC = NO;
				GCC_OPTIMIZATION_LEVEL = 0;
				PRODUCT_NAME = build.sh;
			};
			name = Debug;
		};
		362BFEA416E358BE00405F7A /* Release */ = {
			isa = XCBuildConfiguration;
			buildSettings = {
				COPY_PHASE_STRIP = YES;
				DEBUG_INFORMATION_FORMAT = "dwarf-with-dsym";
				GCC_ENABLE_FIX_AND_CONTINUE = NO;
				PRODUCT_NAME = build.sh;
				ZERO_LINK = NO;
			};
			name = Release;
		};
/* End XCBuildConfiguration section */

/* Begin XCConfigurationList section */
		36228CF516EC4C7500BB8932 /* Build configuration list for PBXNativeTarget "av" */ = {
			isa = XCConfigurationList;
			buildConfigurations = (
				36228CF316EC4C7400BB8932 /* Debug */,
				36228CF416EC4C7400BB8932 /* Release */,
			);
			defaultConfigurationIsVisible = 0;
			defaultConfigurationName = Release;
		};
		362BFE8416E3586E00405F7A /* Build configuration list for PBXProject "av" */ = {
			isa = XCConfigurationList;
			buildConfigurations = (
				362BFE8216E3586E00405F7A /* Debug */,
				362BFE8316E3586E00405F7A /* Release */,
			);
			defaultConfigurationIsVisible = 0;
			defaultConfigurationName = Release;
		};
		362BFEB116E358C900405F7A /* Build configuration list for PBXAggregateTarget "build.sh" */ = {
			isa = XCConfigurationList;
			buildConfigurations = (
				362BFEA316E358BE00405F7A /* Debug */,
				362BFEA416E358BE00405F7A /* Release */,
			);
			defaultConfigurationIsVisible = 0;
			defaultConfigurationName = Release;
		};
/* End XCConfigurationList section */
	};
	rootObject = 362BFE8116E3586E00405F7A /* Project object */;
}
